
Microsoft Visual Studio Solution File, Format Version 12.00
# Visual Studio Version 17
VisualStudioVersion = 17.0.31903.59
MinimumVisualStudioVersion = 10.0.40219.1
Project("{9A19103F-16F7-4668-BE54-9A1E7A4F7556}") = "CarRental.Entities", "CarRental.Entities\CarRental.Entities.csproj", "{0C9DC3B6-F849-438E-88A7-9065129646DE}"
EndProject
Project("{9A19103F-16F7-4668-BE54-9A1E7A4F7556}") = "CarRental.Repositories", "CarRental.Repositories\CarRental.Repositories.csproj", "{A08B5CA4-688A-4174-8D95-F018C4E3F566}"
EndProject
Project("{9A19103F-16F7-4668-BE54-9A1E7A4F7556}") = "CarRental.Services", "CarRental.Services\CarRental.Services.csproj", "{9E2D6928-A7DB-42AF-BFFF-C66ED1C7E634}"
EndProject
Project("{9A19103F-16F7-4668-BE54-9A1E7A4F7556}") = "CarRental.Presentation", "CarRental.Presentation\CarRental.Presentation.csproj", "{2221582A-D352-45F8-8EBD-E6632BE979DC}"
EndProject
Project("{9A19103F-16F7-4668-BE54-9A1E7A4F7556}") = "CarRental.WebAPI", "CarRental.WebAPI\CarRental.WebAPI.csproj", "{DCF1679C-E3F6-4E66-9533-F2EFEA9B4CEB}"
EndProject
Global
	GlobalSection(SolutionConfigurationPlatforms) = preSolution
		Debug|Any CPU = Debug|Any CPU
		Release|Any CPU = Release|Any CPU
	EndGlobalSection
	GlobalSection(ProjectConfigurationPlatforms) = postSolution
		{0C9DC3B6-F849-438E-88A7-9065129646DE}.Debug|Any CPU.ActiveCfg = Debug|Any CPU
		{0C9DC3B6-F849-438E-88A7-9065129646DE}.Debug|Any CPU.Build.0 = Debug|Any CPU
		{0C9DC3B6-F849-438E-88A7-9065129646DE}.Release|Any CPU.ActiveCfg = Release|Any CPU
		{0C9DC3B6-F849-438E-88A7-9065129646DE}.Release|Any CPU.Build.0 = Release|Any CPU
		{A08B5CA4-688A-4174-8D95-F018C4E3F566}.Debug|Any CPU.ActiveCfg = Debug|Any CPU
		{A08B5CA4-688A-4174-8D95-F018C4E3F566}.Debug|Any CPU.Build.0 = Debug|Any CPU
		{A08B5CA4-688A-4174-8D95-F018C4E3F566}.Release|Any CPU.ActiveCfg = Release|Any CPU
		{A08B5CA4-688A-4174-8D95-F018C4E3F566}.Release|Any CPU.Build.0 = Release|Any CPU
		{9E2D6928-A7DB-42AF-BFFF-C66ED1C7E634}.Debug|Any CPU.ActiveCfg = Debug|Any CPU
		{9E2D6928-A7DB-42AF-BFFF-C66ED1C7E634}.Debug|Any CPU.Build.0 = Debug|Any CPU
		{9E2D6928-A7DB-42AF-BFFF-C66ED1C7E634}.Release|Any CPU.ActiveCfg = Release|Any CPU
		{9E2D6928-A7DB-42AF-BFFF-C66ED1C7E634}.Release|Any CPU.Build.0 = Release|Any CPU
		{2221582A-D352-45F8-8EBD-E6632BE979DC}.Debug|Any CPU.ActiveCfg = Debug|Any CPU
		{2221582A-D352-45F8-8EBD-E6632BE979DC}.Debug|Any CPU.Build.0 = Debug|Any CPU
		{2221582A-D352-45F8-8EBD-E6632BE979DC}.Release|Any CPU.ActiveCfg = Release|Any CPU
		{2221582A-D352-45F8-8EBD-E6632BE979DC}.Release|Any CPU.Build.0 = Release|Any CPU
		{DCF1679C-E3F6-4E66-9533-F2EFEA9B4CEB}.Debug|Any CPU.ActiveCfg = Debug|Any CPU
		{DCF1679C-E3F6-4E66-9533-F2EFEA9B4CEB}.Debug|Any CPU.Build.0 = Debug|Any CPU
		{DCF1679C-E3F6-4E66-9533-F2EFEA9B4CEB}.Release|Any CPU.ActiveCfg = Release|Any CPU
		{DCF1679C-E3F6-4E66-9533-F2EFEA9B4CEB}.Release|Any CPU.Build.0 = Release|Any CPU
	EndGlobalSection
	GlobalSection(SolutionProperties) = preSolution
		HideSolutionNode = FALSE
	EndGlobalSection
	GlobalSection(ExtensibilityGlobals) = postSolution
		SolutionGuid = {A427E7C0-ECB8-4660-AA82-1C54308BC57E}
	EndGlobalSection
EndGlobal
